
Microsoft Visual Studio Solution File, Format Version 12.00
# Visual Studio Version 17
VisualStudioVersion = 17.9.34414.90
MinimumVisualStudioVersion = 10.0.40219.1
Project("{9A19103F-16F7-4668-BE54-9A1E7A4F7556}") = "CtlPage", "CtlPage.csproj", "{F9B809CE-1EE3-4FAF-897E-A07E3D7F7522}"
EndProject
Global
	GlobalSection(SolutionConfigurationPlatforms) = preSolution
		Debug|Any CPU = Debug|Any CPU
		Release|Any CPU = Release|Any CPU
	EndGlobalSection
	GlobalSection(ProjectConfigurationPlatforms) = postSolution
		{F9B809CE-1EE3-4FAF-897E-A07E3D7F7522}.Debug|Any CPU.ActiveCfg = Debug|Any CPU
		{F9B809CE-1EE3-4FAF-897E-A07E3D7F7522}.Debug|Any CPU.Build.0 = Debug|Any CPU
		{F9B809CE-1EE3-4FAF-897E-A07E3D7F7522}.Debug|Any CPU.Deploy.0 = Debug|Any CPU
		{F9B809CE-1EE3-4FAF-897E-A07E3D7F7522}.Release|Any CPU.ActiveCfg = Release|Any CPU
		{F9B809CE-1EE3-4FAF-897E-A07E3D7F7522}.Release|Any CPU.Build.0 = Release|Any CPU
		{F9B809CE-1EE3-4FAF-897E-A07E3D7F7522}.Release|Any CPU.Deploy.0 = Release|Any CPU
	EndGlobalSection
	GlobalSection(SolutionProperties) = preSolution
		HideSolutionNode = FALSE
	EndGlobalSection
	GlobalSection(ExtensibilityGlobals) = postSolution
		SolutionGuid = {8A8F3063-0350-423C-816B-15097609A08E}
	EndGlobalSection
EndGlobal
